
Microsoft Visual Studio Solution File, Format Version 12.00
# Visual Studio Version 17
VisualStudioVersion = 17.11.35303.130
MinimumVisualStudioVersion = 10.0.40219.1
Project("{8BC9CEB8-8B4A-11D0-8D11-00A0C91BC942}") = "实验2t5", "实验2t5\实验2t5.vcxproj", "{28356E43-4819-4F5D-8B30-27A573DFE965}"
EndProject
Global
	GlobalSection(SolutionConfigurationPlatforms) = preSolution
		Debug|x64 = Debug|x64
		Debug|x86 = Debug|x86
		Release|x64 = Release|x64
		Release|x86 = Release|x86
	EndGlobalSection
	GlobalSection(ProjectConfigurationPlatforms) = postSolution
		{28356E43-4819-4F5D-8B30-27A573DFE965}.Debug|x64.ActiveCfg = Debug|x64
		{28356E43-4819-4F5D-8B30-27A573DFE965}.Debug|x64.Build.0 = Debug|x64
		{28356E43-4819-4F5D-8B30-27A573DFE965}.Debug|x86.ActiveCfg = Debug|Win32
		{28356E43-4819-4F5D-8B30-27A573DFE965}.Debug|x86.Build.0 = Debug|Win32
		{28356E43-4819-4F5D-8B30-27A573DFE965}.Release|x64.ActiveCfg = Release|x64
		{28356E43-4819-4F5D-8B30-27A573DFE965}.Release|x64.Build.0 = Release|x64
		{28356E43-4819-4F5D-8B30-27A573DFE965}.Release|x86.ActiveCfg = Release|Win32
		{28356E43-4819-4F5D-8B30-27A573DFE965}.Release|x86.Build.0 = Release|Win32
	EndGlobalSection
	GlobalSection(SolutionProperties) = preSolution
		HideSolutionNode = FALSE
	EndGlobalSection
	GlobalSection(ExtensibilityGlobals) = postSolution
		SolutionGuid = {E8262845-9C0A-4582-B49F-161F416E1C40}
	EndGlobalSection
EndGlobal
