
Microsoft Visual Studio Solution File, Format Version 12.00
# Visual Studio Version 17
VisualStudioVersion = 17.11.35303.130
MinimumVisualStudioVersion = 10.0.40219.1
Project("{8BC9CEB8-8B4A-11D0-8D11-00A0C91BC942}") = "实验2t4", "实验2t4\实验2t4.vcxproj", "{ED545D79-0B8A-44D2-A4E2-E19B7EAC3686}"
EndProject
Global
	GlobalSection(SolutionConfigurationPlatforms) = preSolution
		Debug|x64 = Debug|x64
		Debug|x86 = Debug|x86
		Release|x64 = Release|x64
		Release|x86 = Release|x86
	EndGlobalSection
	GlobalSection(ProjectConfigurationPlatforms) = postSolution
		{ED545D79-0B8A-44D2-A4E2-E19B7EAC3686}.Debug|x64.ActiveCfg = Debug|x64
		{ED545D79-0B8A-44D2-A4E2-E19B7EAC3686}.Debug|x64.Build.0 = Debug|x64
		{ED545D79-0B8A-44D2-A4E2-E19B7EAC3686}.Debug|x86.ActiveCfg = Debug|Win32
		{ED545D79-0B8A-44D2-A4E2-E19B7EAC3686}.Debug|x86.Build.0 = Debug|Win32
		{ED545D79-0B8A-44D2-A4E2-E19B7EAC3686}.Release|x64.ActiveCfg = Release|x64
		{ED545D79-0B8A-44D2-A4E2-E19B7EAC3686}.Release|x64.Build.0 = Release|x64
		{ED545D79-0B8A-44D2-A4E2-E19B7EAC3686}.Release|x86.ActiveCfg = Release|Win32
		{ED545D79-0B8A-44D2-A4E2-E19B7EAC3686}.Release|x86.Build.0 = Release|Win32
	EndGlobalSection
	GlobalSection(SolutionProperties) = preSolution
		HideSolutionNode = FALSE
	EndGlobalSection
	GlobalSection(ExtensibilityGlobals) = postSolution
		SolutionGuid = {FDBC1773-5EF0-4E92-9DBC-5D8F50C7ADB5}
	EndGlobalSection
EndGlobal
